
Microsoft Visual Studio Solution File, Format Version 12.00
# Visual Studio 15
Project("{FAE04EC0-301F-11D3-BF4B-00C04F79EFBC}") = "Unity.Timeline", "Unity.Timeline.csproj", "{5B633DC6-8721-07E8-6AD9-7102E0F521DB}"
EndProject
Project("{FAE04EC0-301F-11D3-BF4B-00C04F79EFBC}") = "Unity.PlasticSCM.Editor", "Unity.PlasticSCM.Editor.csproj", "{248B5796-5FD9-98EF-403E-7DDBFE3C0992}"
EndProject
Project("{FAE04EC0-301F-11D3-BF4B-00C04F79EFBC}") = "Unity.Mathematics", "Unity.Mathematics.csproj", "{EED06A92-6C73-A827-F1AF-9BA58FAEA535}"
EndProject
Project("{FAE04EC0-301F-11D3-BF4B-00C04F79EFBC}") = "Unity.Timeline.Editor", "Unity.Timeline.Editor.csproj", "{6A3DD03B-BC30-6988-6197-592B403BBC2F}"
EndProject
Project("{FAE04EC0-301F-11D3-BF4B-00C04F79EFBC}") = "Unity.Collections", "Unity.Collections.csproj", "{F095E392-E5BD-FE1D-BD5E-754EDB590414}"
EndProject
Project("{FAE04EC0-301F-11D3-BF4B-00C04F79EFBC}") = "Unity.VisualScripting.Core.Editor", "Unity.VisualScripting.Core.Editor.csproj", "{A3BC5046-74EE-1D4A-A7D9-CAFB6CAC2A24}"
EndProject
Project("{FAE04EC0-301F-11D3-BF4B-00C04F79EFBC}") = "Unity.PerformanceTesting.Editor", "Unity.PerformanceTesting.Editor.csproj", "{C8E6A672-205F-1060-126D-EE59841AF8AB}"
EndProject
Project("{FAE04EC0-301F-11D3-BF4B-00C04F79EFBC}") = "UnityEngine.TestRunner", "UnityEngine.TestRunner.csproj", "{5AB34379-6DF5-06C3-3448-C5FD2F1940E1}"
EndProject
Project("{FAE04EC0-301F-11D3-BF4B-00C04F79EFBC}") = "Unity.Burst", "Unity.Burst.csproj", "{967180DA-89FC-3B2C-34D5-95B17B8D8980}"
EndProject
Project("{FAE04EC0-301F-11D3-BF4B-00C04F79EFBC}") = "Unity.VisualScripting.Flow.Editor", "Unity.VisualScripting.Flow.Editor.csproj", "{7F29BA78-75B7-DAD3-EF44-0A70F27B9B25}"
EndProject
Project("{FAE04EC0-301F-11D3-BF4B-00C04F79EFBC}") = "Unity.VisualStudio.Editor", "Unity.VisualStudio.Editor.csproj", "{7518D7E2-8C2E-1A36-44EE-3BC4EBB6F69F}"
EndProject
Project("{FAE04EC0-301F-11D3-BF4B-00C04F79EFBC}") = "Unity.InputSystem", "Unity.InputSystem.csproj", "{9A0F2574-254E-2841-F6F8-2D3B4400AED5}"
EndProject
Project("{FAE04EC0-301F-11D3-BF4B-00C04F79EFBC}") = "Unity.Searcher.Editor", "Unity.Searcher.Editor.csproj", "{35677D03-9E5B-059E-4F4F-82742E22B89F}"
EndProject
Project("{FAE04EC0-301F-11D3-BF4B-00C04F79EFBC}") = "UnityEditor.TestRunner", "UnityEditor.TestRunner.csproj", "{E8A4EE2A-A343-C4C3-CF3A-6B1748C7EBDB}"
EndProject
Project("{FAE04EC0-301F-11D3-BF4B-00C04F79EFBC}") = "Unity.VisualScripting.Core", "Unity.VisualScripting.Core.csproj", "{DA5A64AF-69A4-B2A6-F761-5C667F4C31DA}"
EndProject
Project("{FAE04EC0-301F-11D3-BF4B-00C04F79EFBC}") = "Unity.AI.Navigation.Editor.ConversionSystem", "Unity.AI.Navigation.Editor.ConversionSystem.csproj", "{8CB264EE-8CE7-0847-B8C4-ED2812DD85FC}"
EndProject
Project("{FAE04EC0-301F-11D3-BF4B-00C04F79EFBC}") = "Unity.VisualScripting.State.Editor", "Unity.VisualScripting.State.Editor.csproj", "{D5FEAADD-EE9F-3A44-69CF-CD3B4247DCDE}"
EndProject
Project("{FAE04EC0-301F-11D3-BF4B-00C04F79EFBC}") = "Unity.Burst.CodeGen", "Unity.Burst.CodeGen.csproj", "{7EF5B125-6E09-4A81-EB2F-7BD46D36E5A1}"
EndProject
Project("{FAE04EC0-301F-11D3-BF4B-00C04F79EFBC}") = "Unity.VisualScripting.Flow", "Unity.VisualScripting.Flow.csproj", "{875DB652-AF2A-48B4-84EA-C82D2C93D75D}"
EndProject
Project("{FAE04EC0-301F-11D3-BF4B-00C04F79EFBC}") = "Unity.PerformanceTesting", "Unity.PerformanceTesting.csproj", "{07FDB8EE-8FA0-4AEE-7AE1-1A3DEA6A8D68}"
EndProject
Project("{FAE04EC0-301F-11D3-BF4B-00C04F79EFBC}") = "Unity.Burst.Editor", "Unity.Burst.Editor.csproj", "{F07068CE-144C-C8CF-8B59-9BEA83AF02CC}"
EndProject
Project("{FAE04EC0-301F-11D3-BF4B-00C04F79EFBC}") = "Unity.Rider.Editor", "Unity.Rider.Editor.csproj", "{9E62A263-B5ED-D63E-E2DD-308774467B90}"
EndProject
Project("{FAE04EC0-301F-11D3-BF4B-00C04F79EFBC}") = "Unity.VisualScripting.State", "Unity.VisualScripting.State.csproj", "{5912B28B-6A55-981F-C57F-CB7DD929BAA6}"
EndProject
Project("{FAE04EC0-301F-11D3-BF4B-00C04F79EFBC}") = "Unity.AI.Navigation.Updater", "Unity.AI.Navigation.Updater.csproj", "{EF748A90-3486-CE51-5972-6586D6A1BF11}"
EndProject
Project("{FAE04EC0-301F-11D3-BF4B-00C04F79EFBC}") = "Unity.AI.Navigation.Editor", "Unity.AI.Navigation.Editor.csproj", "{A3B7DA1E-A92A-1DEE-DDD6-023A503CBA0C}"
EndProject
Project("{FAE04EC0-301F-11D3-BF4B-00C04F79EFBC}") = "Unity.InputSystem.ForUI", "Unity.InputSystem.ForUI.csproj", "{30EA2A5D-C2D2-E8A3-DDA3-A706DFE874F3}"
EndProject
Project("{FAE04EC0-301F-11D3-BF4B-00C04F79EFBC}") = "Unity.AI.Navigation", "Unity.AI.Navigation.csproj", "{7E1ECB42-63E1-A578-9007-F36B48C919D6}"
EndProject
Project("{FAE04EC0-301F-11D3-BF4B-00C04F79EFBC}") = "Unity.Collections.CodeGen", "Unity.Collections.CodeGen.csproj", "{FE2450F0-54AF-54CC-FA86-F858A7D767CE}"
EndProject
Project("{FAE04EC0-301F-11D3-BF4B-00C04F79EFBC}") = "Unity.Mathematics.Editor", "Unity.Mathematics.Editor.csproj", "{B4709851-6C4D-D60C-7373-DB54F7E956CD}"
EndProject
Project("{FAE04EC0-301F-11D3-BF4B-00C04F79EFBC}") = "Unity.VisualScripting.SettingsProvider.Editor", "Unity.VisualScripting.SettingsProvider.Editor.csproj", "{37D5F09E-1F68-15E4-B84F-0FDACD4F10DD}"
EndProject
Project("{FAE04EC0-301F-11D3-BF4B-00C04F79EFBC}") = "Unity.InputSystem.TestFramework", "Unity.InputSystem.TestFramework.csproj", "{00BABFED-285D-9935-9DA0-28F57110B64D}"
EndProject
Project("{FAE04EC0-301F-11D3-BF4B-00C04F79EFBC}") = "Unity.VisualScripting.Shared.Editor", "Unity.VisualScripting.Shared.Editor.csproj", "{A290FE81-51C5-1017-AEC9-14B4B68D57C8}"
EndProject
Project("{FAE04EC0-301F-11D3-BF4B-00C04F79EFBC}") = "Unity.CollabProxy.Editor", "Unity.CollabProxy.Editor.csproj", "{F529E2C0-B2A2-64D0-5C3C-002E8B48A49E}"
EndProject
Project("{FAE04EC0-301F-11D3-BF4B-00C04F79EFBC}") = "Unity.InputSystem.DocCodeSamples", "Unity.InputSystem.DocCodeSamples.csproj", "{56DEE14F-9A08-D8FE-733F-7578311BD81A}"
EndProject
Project("{FAE04EC0-301F-11D3-BF4B-00C04F79EFBC}") = "Unity.PlasticSCM.Editor.Entities", "Unity.PlasticSCM.Editor.Entities.csproj", "{893AB5E0-95D5-F1D1-9E17-0D4BEEC79B68}"
EndProject
Project("{FAE04EC0-301F-11D3-BF4B-00C04F79EFBC}") = "Assembly-CSharp", "Assembly-CSharp.csproj", "{B979D848-53DF-CBD7-1678-7FB8CACA1E95}"
EndProject
Project("{FAE04EC0-301F-11D3-BF4B-00C04F79EFBC}") = "Unity.Collections.Editor", "Unity.Collections.Editor.csproj", "{38384B27-CF24-9A4E-2CA6-37C16CBA8A51}"
EndProject
Global
	GlobalSection(SolutionConfigurationPlatforms) = preSolution
		Debug|Any CPU = Debug|Any CPU
		Release|Any CPU = Release|Any CPU
	EndGlobalSection
	GlobalSection(ProjectConfigurationPlatforms) = postSolution
		{5B633DC6-8721-07E8-6AD9-7102E0F521DB}.Debug|Any CPU.ActiveCfg = Debug|Any CPU
		{5B633DC6-8721-07E8-6AD9-7102E0F521DB}.Debug|Any CPU.Build.0 = Debug|Any CPU
		{5B633DC6-8721-07E8-6AD9-7102E0F521DB}.Release|Any CPU.ActiveCfg = Release|Any CPU
		{5B633DC6-8721-07E8-6AD9-7102E0F521DB}.Release|Any CPU.Build.0 = Release|Any CPU
		{248B5796-5FD9-98EF-403E-7DDBFE3C0992}.Debug|Any CPU.ActiveCfg = Debug|Any CPU
		{248B5796-5FD9-98EF-403E-7DDBFE3C0992}.Debug|Any CPU.Build.0 = Debug|Any CPU
		{248B5796-5FD9-98EF-403E-7DDBFE3C0992}.Release|Any CPU.ActiveCfg = Release|Any CPU
		{248B5796-5FD9-98EF-403E-7DDBFE3C0992}.Release|Any CPU.Build.0 = Release|Any CPU
		{EED06A92-6C73-A827-F1AF-9BA58FAEA535}.Debug|Any CPU.ActiveCfg = Debug|Any CPU
		{EED06A92-6C73-A827-F1AF-9BA58FAEA535}.Debug|Any CPU.Build.0 = Debug|Any CPU
		{EED06A92-6C73-A827-F1AF-9BA58FAEA535}.Release|Any CPU.ActiveCfg = Release|Any CPU
		{EED06A92-6C73-A827-F1AF-9BA58FAEA535}.Release|Any CPU.Build.0 = Release|Any CPU
		{6A3DD03B-BC30-6988-6197-592B403BBC2F}.Debug|Any CPU.ActiveCfg = Debug|Any CPU
		{6A3DD03B-BC30-6988-6197-592B403BBC2F}.Debug|Any CPU.Build.0 = Debug|Any CPU
		{6A3DD03B-BC30-6988-6197-592B403BBC2F}.Release|Any CPU.ActiveCfg = Release|Any CPU
		{6A3DD03B-BC30-6988-6197-592B403BBC2F}.Release|Any CPU.Build.0 = Release|Any CPU
		{F095E392-E5BD-FE1D-BD5E-754EDB590414}.Debug|Any CPU.ActiveCfg = Debug|Any CPU
		{F095E392-E5BD-FE1D-BD5E-754EDB590414}.Debug|Any CPU.Build.0 = Debug|Any CPU
		{F095E392-E5BD-FE1D-BD5E-754EDB590414}.Release|Any CPU.ActiveCfg = Release|Any CPU
		{F095E392-E5BD-FE1D-BD5E-754EDB590414}.Release|Any CPU.Build.0 = Release|Any CPU
		{A3BC5046-74EE-1D4A-A7D9-CAFB6CAC2A24}.Debug|Any CPU.ActiveCfg = Debug|Any CPU
		{A3BC5046-74EE-1D4A-A7D9-CAFB6CAC2A24}.Debug|Any CPU.Build.0 = Debug|Any CPU
		{A3BC5046-74EE-1D4A-A7D9-CAFB6CAC2A24}.Release|Any CPU.ActiveCfg = Release|Any CPU
		{A3BC5046-74EE-1D4A-A7D9-CAFB6CAC2A24}.Release|Any CPU.Build.0 = Release|Any CPU
		{C8E6A672-205F-1060-126D-EE59841AF8AB}.Debug|Any CPU.ActiveCfg = Debug|Any CPU
		{C8E6A672-205F-1060-126D-EE59841AF8AB}.Debug|Any CPU.Build.0 = Debug|Any CPU
		{C8E6A672-205F-1060-126D-EE59841AF8AB}.Release|Any CPU.ActiveCfg = Release|Any CPU
		{C8E6A672-205F-1060-126D-EE59841AF8AB}.Release|Any CPU.Build.0 = Release|Any CPU
		{5AB34379-6DF5-06C3-3448-C5FD2F1940E1}.Debug|Any CPU.ActiveCfg = Debug|Any CPU
		{5AB34379-6DF5-06C3-3448-C5FD2F1940E1}.Debug|Any CPU.Build.0 = Debug|Any CPU
		{5AB34379-6DF5-06C3-3448-C5FD2F1940E1}.Release|Any CPU.ActiveCfg = Release|Any CPU
		{5AB34379-6DF5-06C3-3448-C5FD2F1940E1}.Release|Any CPU.Build.0 = Release|Any CPU
		{967180DA-89FC-3B2C-34D5-95B17B8D8980}.Debug|Any CPU.ActiveCfg = Debug|Any CPU
		{967180DA-89FC-3B2C-34D5-95B17B8D8980}.Debug|Any CPU.Build.0 = Debug|Any CPU
		{967180DA-89FC-3B2C-34D5-95B17B8D8980}.Release|Any CPU.ActiveCfg = Release|Any CPU
		{967180DA-89FC-3B2C-34D5-95B17B8D8980}.Release|Any CPU.Build.0 = Release|Any CPU
		{7F29BA78-75B7-DAD3-EF44-0A70F27B9B25}.Debug|Any CPU.ActiveCfg = Debug|Any CPU
		{7F29BA78-75B7-DAD3-EF44-0A70F27B9B25}.Debug|Any CPU.Build.0 = Debug|Any CPU
		{7F29BA78-75B7-DAD3-EF44-0A70F27B9B25}.Release|Any CPU.ActiveCfg = Release|Any CPU
		{7F29BA78-75B7-DAD3-EF44-0A70F27B9B25}.Release|Any CPU.Build.0 = Release|Any CPU
		{7518D7E2-8C2E-1A36-44EE-3BC4EBB6F69F}.Debug|Any CPU.ActiveCfg = Debug|Any CPU
		{7518D7E2-8C2E-1A36-44EE-3BC4EBB6F69F}.Debug|Any CPU.Build.0 = Debug|Any CPU
		{7518D7E2-8C2E-1A36-44EE-3BC4EBB6F69F}.Release|Any CPU.ActiveCfg = Release|Any CPU
		{7518D7E2-8C2E-1A36-44EE-3BC4EBB6F69F}.Release|Any CPU.Build.0 = Release|Any CPU
		{9A0F2574-254E-2841-F6F8-2D3B4400AED5}.Debug|Any CPU.ActiveCfg = Debug|Any CPU
		{9A0F2574-254E-2841-F6F8-2D3B4400AED5}.Debug|Any CPU.Build.0 = Debug|Any CPU
		{9A0F2574-254E-2841-F6F8-2D3B4400AED5}.Release|Any CPU.ActiveCfg = Release|Any CPU
		{9A0F2574-254E-2841-F6F8-2D3B4400AED5}.Release|Any CPU.Build.0 = Release|Any CPU
		{35677D03-9E5B-059E-4F4F-82742E22B89F}.Debug|Any CPU.ActiveCfg = Debug|Any CPU
		{35677D03-9E5B-059E-4F4F-82742E22B89F}.Debug|Any CPU.Build.0 = Debug|Any CPU
		{35677D03-9E5B-059E-4F4F-82742E22B89F}.Release|Any CPU.ActiveCfg = Release|Any CPU
		{35677D03-9E5B-059E-4F4F-82742E22B89F}.Release|Any CPU.Build.0 = Release|Any CPU
		{E8A4EE2A-A343-C4C3-CF3A-6B1748C7EBDB}.Debug|Any CPU.ActiveCfg = Debug|Any CPU
		{E8A4EE2A-A343-C4C3-CF3A-6B1748C7EBDB}.Debug|Any CPU.Build.0 = Debug|Any CPU
		{E8A4EE2A-A343-C4C3-CF3A-6B1748C7EBDB}.Release|Any CPU.ActiveCfg = Release|Any CPU
		{E8A4EE2A-A343-C4C3-CF3A-6B1748C7EBDB}.Release|Any CPU.Build.0 = Release|Any CPU
		{DA5A64AF-69A4-B2A6-F761-5C667F4C31DA}.Debug|Any CPU.ActiveCfg = Debug|Any CPU
		{DA5A64AF-69A4-B2A6-F761-5C667F4C31DA}.Debug|Any CPU.Build.0 = Debug|Any CPU
		{DA5A64AF-69A4-B2A6-F761-5C667F4C31DA}.Release|Any CPU.ActiveCfg = Release|Any CPU
		{DA5A64AF-69A4-B2A6-F761-5C667F4C31DA}.Release|Any CPU.Build.0 = Release|Any CPU
		{8CB264EE-8CE7-0847-B8C4-ED2812DD85FC}.Debug|Any CPU.ActiveCfg = Debug|Any CPU
		{8CB264EE-8CE7-0847-B8C4-ED2812DD85FC}.Debug|Any CPU.Build.0 = Debug|Any CPU
		{8CB264EE-8CE7-0847-B8C4-ED2812DD85FC}.Release|Any CPU.ActiveCfg = Release|Any CPU
		{8CB264EE-8CE7-0847-B8C4-ED2812DD85FC}.Release|Any CPU.Build.0 = Release|Any CPU
		{D5FEAADD-EE9F-3A44-69CF-CD3B4247DCDE}.Debug|Any CPU.ActiveCfg = Debug|Any CPU
		{D5FEAADD-EE9F-3A44-69CF-CD3B4247DCDE}.Debug|Any CPU.Build.0 = Debug|Any CPU
		{D5FEAADD-EE9F-3A44-69CF-CD3B4247DCDE}.Release|Any CPU.ActiveCfg = Release|Any CPU
		{D5FEAADD-EE9F-3A44-69CF-CD3B4247DCDE}.Release|Any CPU.Build.0 = Release|Any CPU
		{7EF5B125-6E09-4A81-EB2F-7BD46D36E5A1}.Debug|Any CPU.ActiveCfg = Debug|Any CPU
		{7EF5B125-6E09-4A81-EB2F-7BD46D36E5A1}.Debug|Any CPU.Build.0 = Debug|Any CPU
		{7EF5B125-6E09-4A81-EB2F-7BD46D36E5A1}.Release|Any CPU.ActiveCfg = Release|Any CPU
		{7EF5B125-6E09-4A81-EB2F-7BD46D36E5A1}.Release|Any CPU.Build.0 = Release|Any CPU
		{875DB652-AF2A-48B4-84EA-C82D2C93D75D}.Debug|Any CPU.ActiveCfg = Debug|Any CPU
		{875DB652-AF2A-48B4-84EA-C82D2C93D75D}.Debug|Any CPU.Build.0 = Debug|Any CPU
		{875DB652-AF2A-48B4-84EA-C82D2C93D75D}.Release|Any CPU.ActiveCfg = Release|Any CPU
		{875DB652-AF2A-48B4-84EA-C82D2C93D75D}.Release|Any CPU.Build.0 = Release|Any CPU
		{07FDB8EE-8FA0-4AEE-7AE1-1A3DEA6A8D68}.Debug|Any CPU.ActiveCfg = Debug|Any CPU
		{07FDB8EE-8FA0-4AEE-7AE1-1A3DEA6A8D68}.Debug|Any CPU.Build.0 = Debug|Any CPU
		{07FDB8EE-8FA0-4AEE-7AE1-1A3DEA6A8D68}.Release|Any CPU.ActiveCfg = Release|Any CPU
		{07FDB8EE-8FA0-4AEE-7AE1-1A3DEA6A8D68}.Release|Any CPU.Build.0 = Release|Any CPU
		{F07068CE-144C-C8CF-8B59-9BEA83AF02CC}.Debug|Any CPU.ActiveCfg = Debug|Any CPU
		{F07068CE-144C-C8CF-8B59-9BEA83AF02CC}.Debug|Any CPU.Build.0 = Debug|Any CPU
		{F07068CE-144C-C8CF-8B59-9BEA83AF02CC}.Release|Any CPU.ActiveCfg = Release|Any CPU
		{F07068CE-144C-C8CF-8B59-9BEA83AF02CC}.Release|Any CPU.Build.0 = Release|Any CPU
		{9E62A263-B5ED-D63E-E2DD-308774467B90}.Debug|Any CPU.ActiveCfg = Debug|Any CPU
		{9E62A263-B5ED-D63E-E2DD-308774467B90}.Debug|Any CPU.Build.0 = Debug|Any CPU
		{9E62A263-B5ED-D63E-E2DD-308774467B90}.Release|Any CPU.ActiveCfg = Release|Any CPU
		{9E62A263-B5ED-D63E-E2DD-308774467B90}.Release|Any CPU.Build.0 = Release|Any CPU
		{5912B28B-6A55-981F-C57F-CB7DD929BAA6}.Debug|Any CPU.ActiveCfg = Debug|Any CPU
		{5912B28B-6A55-981F-C57F-CB7DD929BAA6}.Debug|Any CPU.Build.0 = Debug|Any CPU
		{5912B28B-6A55-981F-C57F-CB7DD929BAA6}.Release|Any CPU.ActiveCfg = Release|Any CPU
		{5912B28B-6A55-981F-C57F-CB7DD929BAA6}.Release|Any CPU.Build.0 = Release|Any CPU
		{EF748A90-3486-CE51-5972-6586D6A1BF11}.Debug|Any CPU.ActiveCfg = Debug|Any CPU
		{EF748A90-3486-CE51-5972-6586D6A1BF11}.Debug|Any CPU.Build.0 = Debug|Any CPU
		{EF748A90-3486-CE51-5972-6586D6A1BF11}.Release|Any CPU.ActiveCfg = Release|Any CPU
		{EF748A90-3486-CE51-5972-6586D6A1BF11}.Release|Any CPU.Build.0 = Release|Any CPU
		{A3B7DA1E-A92A-1DEE-DDD6-023A503CBA0C}.Debug|Any CPU.ActiveCfg = Debug|Any CPU
		{A3B7DA1E-A92A-1DEE-DDD6-023A503CBA0C}.Debug|Any CPU.Build.0 = Debug|Any CPU
		{A3B7DA1E-A92A-1DEE-DDD6-023A503CBA0C}.Release|Any CPU.ActiveCfg = Release|Any CPU
		{A3B7DA1E-A92A-1DEE-DDD6-023A503CBA0C}.Release|Any CPU.Build.0 = Release|Any CPU
		{30EA2A5D-C2D2-E8A3-DDA3-A706DFE874F3}.Debug|Any CPU.ActiveCfg = Debug|Any CPU
		{30EA2A5D-C2D2-E8A3-DDA3-A706DFE874F3}.Debug|Any CPU.Build.0 = Debug|Any CPU
		{30EA2A5D-C2D2-E8A3-DDA3-A706DFE874F3}.Release|Any CPU.ActiveCfg = Release|Any CPU
		{30EA2A5D-C2D2-E8A3-DDA3-A706DFE874F3}.Release|Any CPU.Build.0 = Release|Any CPU
		{7E1ECB42-63E1-A578-9007-F36B48C919D6}.Debug|Any CPU.ActiveCfg = Debug|Any CPU
		{7E1ECB42-63E1-A578-9007-F36B48C919D6}.Debug|Any CPU.Build.0 = Debug|Any CPU
		{7E1ECB42-63E1-A578-9007-F36B48C919D6}.Release|Any CPU.ActiveCfg = Release|Any CPU
		{7E1ECB42-63E1-A578-9007-F36B48C919D6}.Release|Any CPU.Build.0 = Release|Any CPU
		{FE2450F0-54AF-54CC-FA86-F858A7D767CE}.Debug|Any CPU.ActiveCfg = Debug|Any CPU
		{FE2450F0-54AF-54CC-FA86-F858A7D767CE}.Debug|Any CPU.Build.0 = Debug|Any CPU
		{FE2450F0-54AF-54CC-FA86-F858A7D767CE}.Release|Any CPU.ActiveCfg = Release|Any CPU
		{FE2450F0-54AF-54CC-FA86-F858A7D767CE}.Release|Any CPU.Build.0 = Release|Any CPU
		{B4709851-6C4D-D60C-7373-DB54F7E956CD}.Debug|Any CPU.ActiveCfg = Debug|Any CPU
		{B4709851-6C4D-D60C-7373-DB54F7E956CD}.Debug|Any CPU.Build.0 = Debug|Any CPU
		{B4709851-6C4D-D60C-7373-DB54F7E956CD}.Release|Any CPU.ActiveCfg = Release|Any CPU
		{B4709851-6C4D-D60C-7373-DB54F7E956CD}.Release|Any CPU.Build.0 = Release|Any CPU
		{37D5F09E-1F68-15E4-B84F-0FDACD4F10DD}.Debug|Any CPU.ActiveCfg = Debug|Any CPU
		{37D5F09E-1F68-15E4-B84F-0FDACD4F10DD}.Debug|Any CPU.Build.0 = Debug|Any CPU
		{37D5F09E-1F68-15E4-B84F-0FDACD4F10DD}.Release|Any CPU.ActiveCfg = Release|Any CPU
		{37D5F09E-1F68-15E4-B84F-0FDACD4F10DD}.Release|Any CPU.Build.0 = Release|Any CPU
		{00BABFED-285D-9935-9DA0-28F57110B64D}.Debug|Any CPU.ActiveCfg = Debug|Any CPU
		{00BABFED-285D-9935-9DA0-28F57110B64D}.Debug|Any CPU.Build.0 = Debug|Any CPU
		{00BABFED-285D-9935-9DA0-28F57110B64D}.Release|Any CPU.ActiveCfg = Release|Any CPU
		{00BABFED-285D-9935-9DA0-28F57110B64D}.Release|Any CPU.Build.0 = Release|Any CPU
		{A290FE81-51C5-1017-AEC9-14B4B68D57C8}.Debug|Any CPU.ActiveCfg = Debug|Any CPU
		{A290FE81-51C5-1017-AEC9-14B4B68D57C8}.Debug|Any CPU.Build.0 = Debug|Any CPU
		{A290FE81-51C5-1017-AEC9-14B4B68D57C8}.Release|Any CPU.ActiveCfg = Release|Any CPU
		{A290FE81-51C5-1017-AEC9-14B4B68D57C8}.Release|Any CPU.Build.0 = Release|Any CPU
		{F529E2C0-B2A2-64D0-5C3C-002E8B48A49E}.Debug|Any CPU.ActiveCfg = Debug|Any CPU
		{F529E2C0-B2A2-64D0-5C3C-002E8B48A49E}.Debug|Any CPU.Build.0 = Debug|Any CPU
		{F529E2C0-B2A2-64D0-5C3C-002E8B48A49E}.Release|Any CPU.ActiveCfg = Release|Any CPU
		{F529E2C0-B2A2-64D0-5C3C-002E8B48A49E}.Release|Any CPU.Build.0 = Release|Any CPU
		{56DEE14F-9A08-D8FE-733F-7578311BD81A}.Debug|Any CPU.ActiveCfg = Debug|Any CPU
		{56DEE14F-9A08-D8FE-733F-7578311BD81A}.Debug|Any CPU.Build.0 = Debug|Any CPU
		{56DEE14F-9A08-D8FE-733F-7578311BD81A}.Release|Any CPU.ActiveCfg = Release|Any CPU
		{56DEE14F-9A08-D8FE-733F-7578311BD81A}.Release|Any CPU.Build.0 = Release|Any CPU
		{893AB5E0-95D5-F1D1-9E17-0D4BEEC79B68}.Debug|Any CPU.ActiveCfg = Debug|Any CPU
		{893AB5E0-95D5-F1D1-9E17-0D4BEEC79B68}.Debug|Any CPU.Build.0 = Debug|Any CPU
		{893AB5E0-95D5-F1D1-9E17-0D4BEEC79B68}.Release|Any CPU.ActiveCfg = Release|Any CPU
		{893AB5E0-95D5-F1D1-9E17-0D4BEEC79B68}.Release|Any CPU.Build.0 = Release|Any CPU
		{B979D848-53DF-CBD7-1678-7FB8CACA1E95}.Debug|Any CPU.ActiveCfg = Debug|Any CPU
		{B979D848-53DF-CBD7-1678-7FB8CACA1E95}.Debug|Any CPU.Build.0 = Debug|Any CPU
		{B979D848-53DF-CBD7-1678-7FB8CACA1E95}.Release|Any CPU.ActiveCfg = Release|Any CPU
		{B979D848-53DF-CBD7-1678-7FB8CACA1E95}.Release|Any CPU.Build.0 = Release|Any CPU
		{38384B27-CF24-9A4E-2CA6-37C16CBA8A51}.Debug|Any CPU.ActiveCfg = Debug|Any CPU
		{38384B27-CF24-9A4E-2CA6-37C16CBA8A51}.Debug|Any CPU.Build.0 = Debug|Any CPU
		{38384B27-CF24-9A4E-2CA6-37C16CBA8A51}.Release|Any CPU.ActiveCfg = Release|Any CPU
		{38384B27-CF24-9A4E-2CA6-37C16CBA8A51}.Release|Any CPU.Build.0 = Release|Any CPU
	EndGlobalSection
	GlobalSection(SolutionProperties) = preSolution
		HideSolutionNode = FALSE
	EndGlobalSection
EndGlobal
